
Microsoft Visual Studio Solution File, Format Version 12.00
# Visual Studio Version 17
VisualStudioVersion = 17.12.35506.116 d17.12
MinimumVisualStudioVersion = 10.0.40219.1
Project("{FAE04EC0-301F-11D3-BF4B-00C04F79EFBC}") = "My_new_API", "My_new_API\My_new_API.csproj", "{F30C17CB-8778-4B08-A98B-12FC33151FB4}"
EndProject
Global
	GlobalSection(SolutionConfigurationPlatforms) = preSolution
		Debug|Any CPU = Debug|Any CPU
		Release|Any CPU = Release|Any CPU
	EndGlobalSection
	GlobalSection(ProjectConfigurationPlatforms) = postSolution
		{F30C17CB-8778-4B08-A98B-12FC33151FB4}.Debug|Any CPU.ActiveCfg = Debug|Any CPU
		{F30C17CB-8778-4B08-A98B-12FC33151FB4}.Debug|Any CPU.Build.0 = Debug|Any CPU
		{F30C17CB-8778-4B08-A98B-12FC33151FB4}.Release|Any CPU.ActiveCfg = Release|Any CPU
		{F30C17CB-8778-4B08-A98B-12FC33151FB4}.Release|Any CPU.Build.0 = Release|Any CPU
	EndGlobalSection
	GlobalSection(SolutionProperties) = preSolution
		HideSolutionNode = FALSE
	EndGlobalSection
EndGlobal
